
Microsoft Visual Studio Solution File, Format Version 12.00
# Visual Studio Version 17
VisualStudioVersion = 17.14.36414.22 d17.14
MinimumVisualStudioVersion = 10.0.40219.1
Project("{FAE04EC0-301F-11D3-BF4B-00C04F79EFBC}") = "SimpleFinalize", "SimpleFinalize.csproj", "{CEAEF2B6-D221-4C04-8219-77BDF5237927}"
EndProject
Global
	GlobalSection(SolutionConfigurationPlatforms) = preSolution
		Debug|Any CPU = Debug|Any CPU
		Release|Any CPU = Release|Any CPU
	EndGlobalSection
	GlobalSection(ProjectConfigurationPlatforms) = postSolution
		{CEAEF2B6-D221-4C04-8219-77BDF5237927}.Debug|Any CPU.ActiveCfg = Debug|Any CPU
		{CEAEF2B6-D221-4C04-8219-77BDF5237927}.Debug|Any CPU.Build.0 = Debug|Any CPU
		{CEAEF2B6-D221-4C04-8219-77BDF5237927}.Release|Any CPU.ActiveCfg = Release|Any CPU
		{CEAEF2B6-D221-4C04-8219-77BDF5237927}.Release|Any CPU.Build.0 = Release|Any CPU
	EndGlobalSection
	GlobalSection(SolutionProperties) = preSolution
		HideSolutionNode = FALSE
	EndGlobalSection
	GlobalSection(ExtensibilityGlobals) = postSolution
		SolutionGuid = {DCE0E425-D094-490C-8ED9-824A5FA4FE78}
	EndGlobalSection
EndGlobal
