
Microsoft Visual Studio Solution File, Format Version 12.00
# Visual Studio Version 17
VisualStudioVersion = 17.14.36301.6 d17.14
MinimumVisualStudioVersion = 10.0.40219.1
Project("{FAE04EC0-301F-11D3-BF4B-00C04F79EFBC}") = "FunWithNullableReferenceTypes", "FunWithNullableReferenceTypes.csproj", "{450071D2-4415-4323-91E7-C5F157117AAB}"
EndProject
Global
	GlobalSection(SolutionConfigurationPlatforms) = preSolution
		Debug|Any CPU = Debug|Any CPU
		Release|Any CPU = Release|Any CPU
	EndGlobalSection
	GlobalSection(ProjectConfigurationPlatforms) = postSolution
		{450071D2-4415-4323-91E7-C5F157117AAB}.Debug|Any CPU.ActiveCfg = Debug|Any CPU
		{450071D2-4415-4323-91E7-C5F157117AAB}.Debug|Any CPU.Build.0 = Debug|Any CPU
		{450071D2-4415-4323-91E7-C5F157117AAB}.Release|Any CPU.ActiveCfg = Release|Any CPU
		{450071D2-4415-4323-91E7-C5F157117AAB}.Release|Any CPU.Build.0 = Release|Any CPU
	EndGlobalSection
	GlobalSection(SolutionProperties) = preSolution
		HideSolutionNode = FALSE
	EndGlobalSection
	GlobalSection(ExtensibilityGlobals) = postSolution
		SolutionGuid = {017C4F66-7B80-48D9-A3F9-672A545EFA6F}
	EndGlobalSection
EndGlobal
