
Microsoft Visual Studio Solution File, Format Version 12.00
# Visual Studio Version 17
VisualStudioVersion = 17.14.36301.6 d17.14
MinimumVisualStudioVersion = 10.0.40219.1
Project("{FAE04EC0-301F-11D3-BF4B-00C04F79EFBC}") = "FunWithPartials", "FunWithPartials.csproj", "{77E2C7E7-573A-45C6-AA34-0255B71FE554}"
EndProject
Global
	GlobalSection(SolutionConfigurationPlatforms) = preSolution
		Debug|Any CPU = Debug|Any CPU
		Release|Any CPU = Release|Any CPU
	EndGlobalSection
	GlobalSection(ProjectConfigurationPlatforms) = postSolution
		{77E2C7E7-573A-45C6-AA34-0255B71FE554}.Debug|Any CPU.ActiveCfg = Debug|Any CPU
		{77E2C7E7-573A-45C6-AA34-0255B71FE554}.Debug|Any CPU.Build.0 = Debug|Any CPU
		{77E2C7E7-573A-45C6-AA34-0255B71FE554}.Release|Any CPU.ActiveCfg = Release|Any CPU
		{77E2C7E7-573A-45C6-AA34-0255B71FE554}.Release|Any CPU.Build.0 = Release|Any CPU
	EndGlobalSection
	GlobalSection(SolutionProperties) = preSolution
		HideSolutionNode = FALSE
	EndGlobalSection
	GlobalSection(ExtensibilityGlobals) = postSolution
		SolutionGuid = {907E2B70-F88F-4165-8DE3-54929DD87423}
	EndGlobalSection
EndGlobal
