
Microsoft Visual Studio Solution File, Format Version 12.00
# Visual Studio Version 17
VisualStudioVersion = 17.14.36301.6 d17.14
MinimumVisualStudioVersion = 10.0.40219.1
Project("{FAE04EC0-301F-11D3-BF4B-00C04F79EFBC}") = "FunWithMethodOverloading", "FunWithMethodOverloading.csproj", "{8958B589-CADB-4958-BAA3-05FF4E357B9C}"
EndProject
Global
	GlobalSection(SolutionConfigurationPlatforms) = preSolution
		Debug|Any CPU = Debug|Any CPU
		Release|Any CPU = Release|Any CPU
	EndGlobalSection
	GlobalSection(ProjectConfigurationPlatforms) = postSolution
		{8958B589-CADB-4958-BAA3-05FF4E357B9C}.Debug|Any CPU.ActiveCfg = Debug|Any CPU
		{8958B589-CADB-4958-BAA3-05FF4E357B9C}.Debug|Any CPU.Build.0 = Debug|Any CPU
		{8958B589-CADB-4958-BAA3-05FF4E357B9C}.Release|Any CPU.ActiveCfg = Release|Any CPU
		{8958B589-CADB-4958-BAA3-05FF4E357B9C}.Release|Any CPU.Build.0 = Release|Any CPU
	EndGlobalSection
	GlobalSection(SolutionProperties) = preSolution
		HideSolutionNode = FALSE
	EndGlobalSection
	GlobalSection(ExtensibilityGlobals) = postSolution
		SolutionGuid = {2D576DB1-6C65-46D7-98E9-D54D6581A07C}
	EndGlobalSection
EndGlobal
