
Microsoft Visual Studio Solution File, Format Version 12.00
# Visual Studio Version 17
VisualStudioVersion = 17.14.36301.6 d17.14
MinimumVisualStudioVersion = 10.0.40219.1
Project("{FAE04EC0-301F-11D3-BF4B-00C04F79EFBC}") = "ObjectOverrides", "ObjectOverrides.csproj", "{71D2C89F-7ADF-4355-B9E3-207267D82DAF}"
EndProject
Global
	GlobalSection(SolutionConfigurationPlatforms) = preSolution
		Debug|Any CPU = Debug|Any CPU
		Release|Any CPU = Release|Any CPU
	EndGlobalSection
	GlobalSection(ProjectConfigurationPlatforms) = postSolution
		{71D2C89F-7ADF-4355-B9E3-207267D82DAF}.Debug|Any CPU.ActiveCfg = Debug|Any CPU
		{71D2C89F-7ADF-4355-B9E3-207267D82DAF}.Debug|Any CPU.Build.0 = Debug|Any CPU
		{71D2C89F-7ADF-4355-B9E3-207267D82DAF}.Release|Any CPU.ActiveCfg = Release|Any CPU
		{71D2C89F-7ADF-4355-B9E3-207267D82DAF}.Release|Any CPU.Build.0 = Release|Any CPU
	EndGlobalSection
	GlobalSection(SolutionProperties) = preSolution
		HideSolutionNode = FALSE
	EndGlobalSection
	GlobalSection(ExtensibilityGlobals) = postSolution
		SolutionGuid = {A87F850D-DA46-423D-9CB8-FBF00EE57903}
	EndGlobalSection
EndGlobal
