
Microsoft Visual Studio Solution File, Format Version 12.00
# Visual Studio Version 17
VisualStudioVersion = 17.14.36301.6 d17.14
MinimumVisualStudioVersion = 10.0.40219.1
Project("{FAE04EC0-301F-11D3-BF4B-00C04F79EFBC}") = "SimpleClassExample", "SimpleClassExample.csproj", "{9311BF63-4BD3-474E-B84F-B0B8E8916703}"
EndProject
Global
	GlobalSection(SolutionConfigurationPlatforms) = preSolution
		Debug|Any CPU = Debug|Any CPU
		Release|Any CPU = Release|Any CPU
	EndGlobalSection
	GlobalSection(ProjectConfigurationPlatforms) = postSolution
		{9311BF63-4BD3-474E-B84F-B0B8E8916703}.Debug|Any CPU.ActiveCfg = Debug|Any CPU
		{9311BF63-4BD3-474E-B84F-B0B8E8916703}.Debug|Any CPU.Build.0 = Debug|Any CPU
		{9311BF63-4BD3-474E-B84F-B0B8E8916703}.Release|Any CPU.ActiveCfg = Release|Any CPU
		{9311BF63-4BD3-474E-B84F-B0B8E8916703}.Release|Any CPU.Build.0 = Release|Any CPU
	EndGlobalSection
	GlobalSection(SolutionProperties) = preSolution
		HideSolutionNode = FALSE
	EndGlobalSection
	GlobalSection(ExtensibilityGlobals) = postSolution
		SolutionGuid = {E69A5580-8917-465C-B8B0-1C261744F637}
	EndGlobalSection
EndGlobal
