
Microsoft Visual Studio Solution File, Format Version 12.00
# Visual Studio Version 17
VisualStudioVersion = 17.14.36414.22 d17.14
MinimumVisualStudioVersion = 10.0.40219.1
Project("{FAE04EC0-301F-11D3-BF4B-00C04F79EFBC}") = "CustomInterfaces", "CustomInterfaces.csproj", "{C988BBF7-E7F0-4236-A839-ED544E0C3511}"
EndProject
Global
	GlobalSection(SolutionConfigurationPlatforms) = preSolution
		Debug|Any CPU = Debug|Any CPU
		Release|Any CPU = Release|Any CPU
	EndGlobalSection
	GlobalSection(ProjectConfigurationPlatforms) = postSolution
		{C988BBF7-E7F0-4236-A839-ED544E0C3511}.Debug|Any CPU.ActiveCfg = Debug|Any CPU
		{C988BBF7-E7F0-4236-A839-ED544E0C3511}.Debug|Any CPU.Build.0 = Debug|Any CPU
		{C988BBF7-E7F0-4236-A839-ED544E0C3511}.Release|Any CPU.ActiveCfg = Release|Any CPU
		{C988BBF7-E7F0-4236-A839-ED544E0C3511}.Release|Any CPU.Build.0 = Release|Any CPU
	EndGlobalSection
	GlobalSection(SolutionProperties) = preSolution
		HideSolutionNode = FALSE
	EndGlobalSection
	GlobalSection(ExtensibilityGlobals) = postSolution
		SolutionGuid = {AE5125AB-EA2A-4616-8079-C44C60EA6140}
	EndGlobalSection
EndGlobal
