
Microsoft Visual Studio Solution File, Format Version 12.00
# Visual Studio Version 17
VisualStudioVersion = 17.14.36511.14 d17.14
MinimumVisualStudioVersion = 10.0.40219.1
Project("{FAE04EC0-301F-11D3-BF4B-00C04F79EFBC}") = "SimpleDelegate", "SimpleDelegate.csproj", "{1CA2296E-E2E3-4F08-9462-D41B6DD7A435}"
EndProject
Global
	GlobalSection(SolutionConfigurationPlatforms) = preSolution
		Debug|Any CPU = Debug|Any CPU
		Release|Any CPU = Release|Any CPU
	EndGlobalSection
	GlobalSection(ProjectConfigurationPlatforms) = postSolution
		{1CA2296E-E2E3-4F08-9462-D41B6DD7A435}.Debug|Any CPU.ActiveCfg = Debug|Any CPU
		{1CA2296E-E2E3-4F08-9462-D41B6DD7A435}.Debug|Any CPU.Build.0 = Debug|Any CPU
		{1CA2296E-E2E3-4F08-9462-D41B6DD7A435}.Release|Any CPU.ActiveCfg = Release|Any CPU
		{1CA2296E-E2E3-4F08-9462-D41B6DD7A435}.Release|Any CPU.Build.0 = Release|Any CPU
	EndGlobalSection
	GlobalSection(SolutionProperties) = preSolution
		HideSolutionNode = FALSE
	EndGlobalSection
	GlobalSection(ExtensibilityGlobals) = postSolution
		SolutionGuid = {C605F999-FF39-4E9A-9AC9-341E46976AB3}
	EndGlobalSection
EndGlobal
