
Microsoft Visual Studio Solution File, Format Version 12.00
# Visual Studio Version 17
VisualStudioVersion = 17.14.36301.6 d17.14
MinimumVisualStudioVersion = 10.0.40219.1
Project("{FAE04EC0-301F-11D3-BF4B-00C04F79EFBC}") = "FunWithLocalFunctions", "FunWithLocalFunctions.csproj", "{C81A6613-8707-4678-ABC6-15E6C232C2EB}"
EndProject
Global
	GlobalSection(SolutionConfigurationPlatforms) = preSolution
		Debug|Any CPU = Debug|Any CPU
		Release|Any CPU = Release|Any CPU
	EndGlobalSection
	GlobalSection(ProjectConfigurationPlatforms) = postSolution
		{C81A6613-8707-4678-ABC6-15E6C232C2EB}.Debug|Any CPU.ActiveCfg = Debug|Any CPU
		{C81A6613-8707-4678-ABC6-15E6C232C2EB}.Debug|Any CPU.Build.0 = Debug|Any CPU
		{C81A6613-8707-4678-ABC6-15E6C232C2EB}.Release|Any CPU.ActiveCfg = Release|Any CPU
		{C81A6613-8707-4678-ABC6-15E6C232C2EB}.Release|Any CPU.Build.0 = Release|Any CPU
	EndGlobalSection
	GlobalSection(SolutionProperties) = preSolution
		HideSolutionNode = FALSE
	EndGlobalSection
	GlobalSection(ExtensibilityGlobals) = postSolution
		SolutionGuid = {F22B2BB2-5DF2-4E6B-AE59-465CFA3FA535}
	EndGlobalSection
EndGlobal
