
Microsoft Visual Studio Solution File, Format Version 12.00
# Visual Studio Version 17
VisualStudioVersion = 17.14.36301.6 d17.14
MinimumVisualStudioVersion = 10.0.40219.1
Project("{FAE04EC0-301F-11D3-BF4B-00C04F79EFBC}") = "FunWithRecordStructs", "FunWithRecordStructs.csproj", "{5D8CECDA-93AF-4F52-833C-12720A7883BA}"
EndProject
Global
	GlobalSection(SolutionConfigurationPlatforms) = preSolution
		Debug|Any CPU = Debug|Any CPU
		Release|Any CPU = Release|Any CPU
	EndGlobalSection
	GlobalSection(ProjectConfigurationPlatforms) = postSolution
		{5D8CECDA-93AF-4F52-833C-12720A7883BA}.Debug|Any CPU.ActiveCfg = Debug|Any CPU
		{5D8CECDA-93AF-4F52-833C-12720A7883BA}.Debug|Any CPU.Build.0 = Debug|Any CPU
		{5D8CECDA-93AF-4F52-833C-12720A7883BA}.Release|Any CPU.ActiveCfg = Release|Any CPU
		{5D8CECDA-93AF-4F52-833C-12720A7883BA}.Release|Any CPU.Build.0 = Release|Any CPU
	EndGlobalSection
	GlobalSection(SolutionProperties) = preSolution
		HideSolutionNode = FALSE
	EndGlobalSection
	GlobalSection(ExtensibilityGlobals) = postSolution
		SolutionGuid = {32F6C7C1-0514-40AA-9492-52CBCB357F39}
	EndGlobalSection
EndGlobal
